
Microsoft Visual Studio Solution File, Format Version 12.00
# Visual Studio Version 17
VisualStudioVersion = 17.7.34031.279
MinimumVisualStudioVersion = 10.0.40219.1
Project("{9A19103F-16F7-4668-BE54-9A1E7A4F7556}") = "Aurora.Example", "Aurora.Example\Aurora.Example.csproj", "{115DE3B5-29B4-429F-AE95-FE2F2A1DFFA5}"
EndProject
Project("{9A19103F-16F7-4668-BE54-9A1E7A4F7556}") = "Aurora.Disktop", "Aurora.Disktop\Aurora.Disktop.csproj", "{7DB3CF01-A499-476E-84B8-9C73CED44AFE}"
EndProject
Project("{2150E333-8FDC-42A3-9474-1A3956D46DE8}") = "Document", "Document", "{DF2B47D8-9D24-4418-A0A7-0881284A7B89}"
	ProjectSection(SolutionItems) = preProject
		.gitignore = .gitignore
		readme.md = readme.md
	EndProjectSection
EndProject
Global
	GlobalSection(SolutionConfigurationPlatforms) = preSolution
		Debug|x64 = Debug|x64
		Release|x64 = Release|x64
	EndGlobalSection
	GlobalSection(ProjectConfigurationPlatforms) = postSolution
		{115DE3B5-29B4-429F-AE95-FE2F2A1DFFA5}.Debug|x64.ActiveCfg = Debug|x64
		{115DE3B5-29B4-429F-AE95-FE2F2A1DFFA5}.Debug|x64.Build.0 = Debug|x64
		{115DE3B5-29B4-429F-AE95-FE2F2A1DFFA5}.Release|x64.ActiveCfg = Release|x64
		{115DE3B5-29B4-429F-AE95-FE2F2A1DFFA5}.Release|x64.Build.0 = Release|x64
		{7DB3CF01-A499-476E-84B8-9C73CED44AFE}.Debug|x64.ActiveCfg = Debug|x64
		{7DB3CF01-A499-476E-84B8-9C73CED44AFE}.Debug|x64.Build.0 = Debug|x64
		{7DB3CF01-A499-476E-84B8-9C73CED44AFE}.Release|x64.ActiveCfg = Release|x64
		{7DB3CF01-A499-476E-84B8-9C73CED44AFE}.Release|x64.Build.0 = Release|x64
	EndGlobalSection
	GlobalSection(SolutionProperties) = preSolution
		HideSolutionNode = FALSE
	EndGlobalSection
	GlobalSection(ExtensibilityGlobals) = postSolution
		SolutionGuid = {6E898ED8-38A1-46CC-AA48-3D0AFC706C90}
	EndGlobalSection
EndGlobal
